
Microsoft Visual Studio Solution File, Format Version 12.00
# Visual Studio Version 16
VisualStudioVersion = 16.0.29102.190
MinimumVisualStudioVersion = 10.0.40219.1
Project("{FAE04EC0-301F-11D3-BF4B-00C04F79EFBC}") = "SearchAPI", "SearchAPI\SearchAPI.csproj", "{F257130D-F394-4397-B0D8-37DBF6DA053B}"
EndProject
Project("{FAE04EC0-301F-11D3-BF4B-00C04F79EFBC}") = "SearchAPI.Test", "SearchAPI.Test\SearchAPI.Test.csproj", "{0D5DFAE7-5BC4-4F74-B0B3-3C9720BEC714}"
EndProject
Global
	GlobalSection(SolutionConfigurationPlatforms) = preSolution
		Debug|Any CPU = Debug|Any CPU
		Release|Any CPU = Release|Any CPU
	EndGlobalSection
	GlobalSection(ProjectConfigurationPlatforms) = postSolution
		{F257130D-F394-4397-B0D8-37DBF6DA053B}.Debug|Any CPU.ActiveCfg = Debug|Any CPU
		{F257130D-F394-4397-B0D8-37DBF6DA053B}.Debug|Any CPU.Build.0 = Debug|Any CPU
		{F257130D-F394-4397-B0D8-37DBF6DA053B}.Release|Any CPU.ActiveCfg = Release|Any CPU
		{F257130D-F394-4397-B0D8-37DBF6DA053B}.Release|Any CPU.Build.0 = Release|Any CPU
		{0D5DFAE7-5BC4-4F74-B0B3-3C9720BEC714}.Debug|Any CPU.ActiveCfg = Debug|Any CPU
		{0D5DFAE7-5BC4-4F74-B0B3-3C9720BEC714}.Debug|Any CPU.Build.0 = Debug|Any CPU
		{0D5DFAE7-5BC4-4F74-B0B3-3C9720BEC714}.Release|Any CPU.ActiveCfg = Release|Any CPU
		{0D5DFAE7-5BC4-4F74-B0B3-3C9720BEC714}.Release|Any CPU.Build.0 = Release|Any CPU
	EndGlobalSection
	GlobalSection(SolutionProperties) = preSolution
		HideSolutionNode = FALSE
	EndGlobalSection
	GlobalSection(ExtensibilityGlobals) = postSolution
		SolutionGuid = {566AA0B4-9789-4D9D-9247-37F556499EDD}
	EndGlobalSection
EndGlobal
